# THIS IS AN AUTOGENERATED FILE. DO NOT EDIT THIS FILE DIRECTLY.
# yarn lockfile v1


as-wasi@^0.4.4:
  version "0.4.4"
  resolved "https://registry.yarnpkg.com/as-wasi/-/as-wasi-0.4.4.tgz#3b439c25e975d8cc04f6deec898b57138862aa15"
  integrity sha512-CNeZ3AjKSjrFXRNDRzX1VzxsWz3Fwksn4g0J7tZv5RKz4agKhVlcl0QeMIOOkJms7DujCBCpbelGxNDtvlFKmw==

assemblyscript@^0.18.15:
  version "0.18.15"
  resolved "https://registry.yarnpkg.com/assemblyscript/-/assemblyscript-0.18.15.tgz#b66a4d96c7de14e311303fb7c8ccf14b9d689e8f"
  integrity sha512-s1N1qwdBhen2SLQApYCtRIPWm1Am3oAbW58GCEKbeN6ZbQRh7nq0pv4RDqKw6CgK7dySn/F2S1D6p0scyRbQRw==
  dependencies:
    binaryen "100.0.0"
    long "^4.0.0"

binaryen@100.0.0:
  version "100.0.0"
  resolved "https://registry.yarnpkg.com/binaryen/-/binaryen-100.0.0.tgz#8ed91955eff14eb4758d68d593869cbc1a9a0dff"
  integrity sha512-nxOt8d8/VXAuSVEtAWUdKrqpqCy365QqD223EzzB1GzS5himiZAfM/R5lXx+M/5q8TB8cYp3tYxv5rTjNTJveQ==

long@^4.0.0:
  version "4.0.0"
  resolved "https://registry.yarnpkg.com/long/-/long-4.0.0.tgz#9a7b71cfb7d361a194ea555241c92f7468d5bf28"
  integrity sha512-XsP+KhQif4bjX1kbuSiySJFNAehNxgLb6hPRGJ9QsUr8ajHkuXGdrHmFUTUUXhDwVX2R5bY4JNZEwbUiMhV+MA==
